
Microsoft Visual Studio Solution File, Format Version 12.00
# Visual Studio Version 17
VisualStudioVersion = 17.14.36310.24
MinimumVisualStudioVersion = 10.0.40219.1
Project("{FAE04EC0-301F-11D3-BF4B-00C04F79EFBC}") = "NBomber.YCSB", "src\NBomber.YCSB\NBomber.YCSB.csproj", "{FDF42FF1-7648-4621-AEF1-AF05A4CDB177}"
EndProject
Project("{2150E333-8FDC-42A3-9474-1A3956D46DE8}") = "tests", "tests", "{02EA681E-C7D8-13C7-8484-4AC65E1B71E8}"
EndProject
Project("{FAE04EC0-301F-11D3-BF4B-00C04F79EFBC}") = "NBomber.YCSB.Tests", "tests\NBomber.YCSB.Tests\NBomber.YCSB.Tests.csproj", "{3851A607-83D8-EE54-5606-6874E866EED3}"
EndProject
Global
	GlobalSection(SolutionConfigurationPlatforms) = preSolution
		Debug|Any CPU = Debug|Any CPU
		Release|Any CPU = Release|Any CPU
	EndGlobalSection
	GlobalSection(ProjectConfigurationPlatforms) = postSolution
		{FDF42FF1-7648-4621-AEF1-AF05A4CDB177}.Debug|Any CPU.ActiveCfg = Debug|Any CPU
		{FDF42FF1-7648-4621-AEF1-AF05A4CDB177}.Debug|Any CPU.Build.0 = Debug|Any CPU
		{FDF42FF1-7648-4621-AEF1-AF05A4CDB177}.Release|Any CPU.ActiveCfg = Release|Any CPU
		{FDF42FF1-7648-4621-AEF1-AF05A4CDB177}.Release|Any CPU.Build.0 = Release|Any CPU
		{3851A607-83D8-EE54-5606-6874E866EED3}.Debug|Any CPU.ActiveCfg = Debug|Any CPU
		{3851A607-83D8-EE54-5606-6874E866EED3}.Debug|Any CPU.Build.0 = Debug|Any CPU
		{3851A607-83D8-EE54-5606-6874E866EED3}.Release|Any CPU.ActiveCfg = Release|Any CPU
		{3851A607-83D8-EE54-5606-6874E866EED3}.Release|Any CPU.Build.0 = Release|Any CPU
	EndGlobalSection
	GlobalSection(SolutionProperties) = preSolution
		HideSolutionNode = FALSE
	EndGlobalSection
	GlobalSection(NestedProjects) = preSolution
		{3851A607-83D8-EE54-5606-6874E866EED3} = {02EA681E-C7D8-13C7-8484-4AC65E1B71E8}
	EndGlobalSection
	GlobalSection(ExtensibilityGlobals) = postSolution
		SolutionGuid = {54A397A3-8A26-403A-9B00-64E6F0E7D106}
	EndGlobalSection
EndGlobal
