
Microsoft Visual Studio Solution File, Format Version 12.00
# Visual Studio Version 17
VisualStudioVersion = 17.14.36310.24
MinimumVisualStudioVersion = 10.0.40219.1
Project("{FAE04EC0-301F-11D3-BF4B-00C04F79EFBC}") = "NBomber.YCSB", "src\NBomber.YCSB\NBomber.YCSB.csproj", "{FDF42FF1-7648-4621-AEF1-AF05A4CDB177}"
EndProject
Global
	GlobalSection(SolutionConfigurationPlatforms) = preSolution
		Debug|Any CPU = Debug|Any CPU
		Release|Any CPU = Release|Any CPU
	EndGlobalSection
	GlobalSection(ProjectConfigurationPlatforms) = postSolution
		{FDF42FF1-7648-4621-AEF1-AF05A4CDB177}.Debug|Any CPU.ActiveCfg = Debug|Any CPU
		{FDF42FF1-7648-4621-AEF1-AF05A4CDB177}.Debug|Any CPU.Build.0 = Debug|Any CPU
		{FDF42FF1-7648-4621-AEF1-AF05A4CDB177}.Release|Any CPU.ActiveCfg = Release|Any CPU
		{FDF42FF1-7648-4621-AEF1-AF05A4CDB177}.Release|Any CPU.Build.0 = Release|Any CPU
	EndGlobalSection
	GlobalSection(SolutionProperties) = preSolution
		HideSolutionNode = FALSE
	EndGlobalSection
	GlobalSection(ExtensibilityGlobals) = postSolution
		SolutionGuid = {54A397A3-8A26-403A-9B00-64E6F0E7D106}
	EndGlobalSection
EndGlobal
